
Microsoft Visual Studio Solution File, Format Version 12.00
# Visual Studio 15
VisualStudioVersion = 15.0.28307.271
MinimumVisualStudioVersion = 10.0.40219.1
Project("{FAE04EC0-301F-11D3-BF4B-00C04F79EFBC}") = "Iterator", "Iterator\Iterator.csproj", "{EBDEBBEF-2AB7-4B03-AFB4-520288AAF736}"
EndProject
Global
	GlobalSection(SolutionConfigurationPlatforms) = preSolution
		Debug|Any CPU = Debug|Any CPU
		Release|Any CPU = Release|Any CPU
	EndGlobalSection
	GlobalSection(ProjectConfigurationPlatforms) = postSolution
		{EBDEBBEF-2AB7-4B03-AFB4-520288AAF736}.Debug|Any CPU.ActiveCfg = Debug|Any CPU
		{EBDEBBEF-2AB7-4B03-AFB4-520288AAF736}.Debug|Any CPU.Build.0 = Debug|Any CPU
		{EBDEBBEF-2AB7-4B03-AFB4-520288AAF736}.Release|Any CPU.ActiveCfg = Release|Any CPU
		{EBDEBBEF-2AB7-4B03-AFB4-520288AAF736}.Release|Any CPU.Build.0 = Release|Any CPU
	EndGlobalSection
	GlobalSection(SolutionProperties) = preSolution
		HideSolutionNode = FALSE
	EndGlobalSection
	GlobalSection(ExtensibilityGlobals) = postSolution
		SolutionGuid = {5ED90117-2359-4CBA-9701-3D621AA6E18A}
	EndGlobalSection
EndGlobal
